{
    "_readme": [
        "This file locks the dependencies of your project to a known state",
        "Read more about it at http://getcomposer.org/doc/01-basic-usage.md#composer-lock-the-lock-file",
        "This file is @generated automatically"
    ],
    "hash": "f8d72774129b5e524ae94c4ea3c1878b",
    "packages": [
        {
            "name": "aws/aws-sdk-php",
            "version": "2.7.17",
            "source": {
                "type": "git",
                "url": "https://github.com/aws/aws-sdk-php.git",
                "reference": "eddf89846ed0f15e8e2b8cbe6d08125eaa20ad80"
            },
            "dist": {
                "type": "zip",
                "url": "https://api.github.com/repos/aws/aws-sdk-php/zipball/eddf89846ed0f15e8e2b8cbe6d08125eaa20ad80",
                "reference": "eddf89846ed0f15e8e2b8cbe6d08125eaa20ad80",
                "shasum": ""
            },
            "require": {
                "guzzle/guzzle": "~3.7",
                "php": ">=5.3.3"
            },
            "require-dev": {
                "doctrine/cache": "~1.0",
                "ext-openssl": "*",
                "monolog/monolog": "~1.4",
                "phpunit/phpunit": "~4.0",
                "symfony/yaml": "~2.1"
            },
            "suggest": {
                "doctrine/cache": "Adds support for caching of credentials and responses",
                "ext-apc": "Allows service description opcode caching, request and response caching, and credentials caching",
                "ext-openssl": "Allows working with CloudFront private distributions and verifying received SNS messages",
                "monolog/monolog": "Adds support for logging HTTP requests and responses",
                "symfony/yaml": "Eases the ability to write manifests for creating jobs in AWS Import/Export"
            },
            "type": "library",
            "extra": {
                "branch-alias": {
                    "dev-master": "2.7-dev"
                }
            },
            "autoload": {
                "psr-0": {
                    "Aws": "src/"
                }
            },
            "notification-url": "https://packagist.org/downloads/",
            "license": [
                "Apache-2.0"
            ],
            "authors": [
                {
                    "name": "Amazon Web Services",
                    "homepage": "http://aws.amazon.com"
                }
            ],
            "description": "AWS SDK for PHP - Use Amazon Web Services in your PHP project",
            "homepage": "http://aws.amazon.com/sdkforphp",
            "keywords": [
                "amazon",
                "aws",
                "cloud",
                "dynamodb",
                "ec2",
                "glacier",
                "s3",
                "sdk"
            ],
            "time": "2015-01-27 20:14:01"
        },
        {
            "name": "composer/installers",
            "version": "v1.0.20",
            "source": {
                "type": "git",
                "url": "https://github.com/composer/installers.git",
                "reference": "1bff8aa77a18f3616f468ed8000cf86a5725bac3"
            },
            "dist": {
                "type": "zip",
                "url": "https://api.github.com/repos/composer/installers/zipball/1bff8aa77a18f3616f468ed8000cf86a5725bac3",
                "reference": "1bff8aa77a18f3616f468ed8000cf86a5725bac3",
                "shasum": ""
            },
            "replace": {
                "roundcube/plugin-installer": "*",
                "shama/baton": "*"
            },
            "require-dev": {
                "composer/composer": "1.0.*@dev",
                "phpunit/phpunit": "4.1.*"
            },
            "type": "composer-installer",
            "extra": {
                "class": "Composer\\Installers\\Installer",
                "branch-alias": {
                    "dev-master": "1.0-dev"
                }
            },
            "autoload": {
                "psr-0": {
                    "Composer\\Installers\\": "src/"
                }
            },
            "notification-url": "https://packagist.org/downloads/",
            "license": [
                "MIT"
            ],
            "authors": [
                {
                    "name": "Kyle Robinson Young",
                    "email": "kyle@dontkry.com",
                    "homepage": "https://github.com/shama"
                }
            ],
            "description": "A multi-framework Composer library installer",
            "homepage": "http://composer.github.com/installers/",
            "keywords": [
                "Craft",
                "Dolibarr",
                "Hurad",
                "MODX Evo",
                "OXID",
                "SMF",
                "Thelia",
                "WolfCMS",
                "agl",
                "annotatecms",
                "bitrix",
                "cakephp",
                "chef",
                "codeigniter",
                "concrete5",
                "croogo",
                "dokuwiki",
                "drupal",
                "elgg",
                "fuelphp",
                "grav",
                "installer",
                "joomla",
                "kohana",
                "laravel",
                "lithium",
                "magento",
                "mako",
                "mediawiki",
                "modulework",
                "moodle",
                "phpbb",
                "piwik",
                "ppi",
                "puppet",
                "roundcube",
                "shopware",
                "silverstripe",
                "symfony",
                "typo3",
                "wordpress",
                "zend",
                "zikula"
            ],
            "time": "2015-01-11 03:51:11"
        },
        {
            "name": "guzzle/guzzle",
            "version": "v3.9.2",
            "source": {
                "type": "git",
                "url": "https://github.com/guzzle/guzzle3.git",
                "reference": "54991459675c1a2924122afbb0e5609ade581155"
            },
            "dist": {
                "type": "zip",
                "url": "https://api.github.com/repos/guzzle/guzzle3/zipball/54991459675c1a2924122afbb0e5609ade581155",
                "reference": "54991459675c1a2924122afbb0e5609ade581155",
                "shasum": ""
            },
            "require": {
                "ext-curl": "*",
                "php": ">=5.3.3",
                "symfony/event-dispatcher": "~2.1"
            },
            "replace": {
                "guzzle/batch": "self.version",
                "guzzle/cache": "self.version",
                "guzzle/common": "self.version",
                "guzzle/http": "self.version",
                "guzzle/inflection": "self.version",
                "guzzle/iterator": "self.version",
                "guzzle/log": "self.version",
                "guzzle/parser": "self.version",
                "guzzle/plugin": "self.version",
                "guzzle/plugin-async": "self.version",
                "guzzle/plugin-backoff": "self.version",
                "guzzle/plugin-cache": "self.version",
                "guzzle/plugin-cookie": "self.version",
                "guzzle/plugin-curlauth": "self.version",
                "guzzle/plugin-error-response": "self.version",
                "guzzle/plugin-history": "self.version",
                "guzzle/plugin-log": "self.version",
                "guzzle/plugin-md5": "self.version",
                "guzzle/plugin-mock": "self.version",
                "guzzle/plugin-oauth": "self.version",
                "guzzle/service": "self.version",
                "guzzle/stream": "self.version"
            },
            "require-dev": {
                "doctrine/cache": "~1.3",
                "monolog/monolog": "~1.0",
                "phpunit/phpunit": "3.7.*",
                "psr/log": "~1.0",
                "symfony/class-loader": "~2.1",
                "zendframework/zend-cache": "2.*,<2.3",
                "zendframework/zend-log": "2.*,<2.3"
            },
            "type": "library",
            "extra": {
                "branch-alias": {
                    "dev-master": "3.9-dev"
                }
            },
            "autoload": {
                "psr-0": {
                    "Guzzle": "src/",
                    "Guzzle\\Tests": "tests/"
                }
            },
            "notification-url": "https://packagist.org/downloads/",
            "license": [
                "MIT"
            ],
            "authors": [
                {
                    "name": "Michael Dowling",
                    "email": "mtdowling@gmail.com",
                    "homepage": "https://github.com/mtdowling"
                },
                {
                    "name": "Guzzle Community",
                    "homepage": "https://github.com/guzzle/guzzle/contributors"
                }
            ],
            "description": "Guzzle is a PHP HTTP client library and framework for building RESTful web service clients",
            "homepage": "http://guzzlephp.org/",
            "keywords": [
                "client",
                "curl",
                "framework",
                "http",
                "http client",
                "rest",
                "web service"
            ],
            "time": "2014-08-11 04:32:36"
        },
        {
            "name": "mjohnson/admin",
            "version": "1.3.3",
            "source": {
                "type": "git",
                "url": "https://github.com/milesj/admin.git",
                "reference": "63c1e0431062fe599fc956e5afb1bbee8f13a841"
            },
            "dist": {
                "type": "zip",
                "url": "https://api.github.com/repos/milesj/admin/zipball/63c1e0431062fe599fc956e5afb1bbee8f13a841",
                "reference": "63c1e0431062fe599fc956e5afb1bbee8f13a841",
                "shasum": ""
            },
            "require": {
                "composer/installers": "*",
                "ext-mbstring": "*",
                "mjohnson/utility": "~1.5",
                "php": ">=5.3.0"
            },
            "suggest": {
                "mjohnson/uploader": "~4.3"
            },
            "type": "cakephp-plugin",
            "notification-url": "https://packagist.org/downloads/",
            "license": [
                "MIT"
            ],
            "authors": [
                {
                    "name": "Miles Johnson",
                    "homepage": "http://milesj.me"
                }
            ],
            "description": "A CakePHP admin plugin.",
            "homepage": "http://milesj.me/code/cakephp/admin",
            "keywords": [
                "admin",
                "cakephp",
                "create",
                "crud",
                "delete",
                "plugin",
                "read",
                "update"
            ],
            "abandoned": true,
            "time": "2014-07-14 01:14:22"
        },
        {
            "name": "mjohnson/decoda",
            "version": "6.6.0",
            "source": {
                "type": "git",
                "url": "https://github.com/milesj/decoda.git",
                "reference": "ae596fda599983d111936f09b7355d9790a903f6"
            },
            "dist": {
                "type": "zip",
                "url": "https://api.github.com/repos/milesj/decoda/zipball/ae596fda599983d111936f09b7355d9790a903f6",
                "reference": "ae596fda599983d111936f09b7355d9790a903f6",
                "shasum": ""
            },
            "require": {
                "ext-mbstring": "*",
                "php": ">=5.3.0"
            },
            "type": "library",
            "autoload": {
                "psr-0": {
                    "Decoda": "src/"
                }
            },
            "notification-url": "https://packagist.org/downloads/",
            "license": [
                "MIT"
            ],
            "authors": [
                {
                    "name": "Miles Johnson",
                    "homepage": "http://milesj.me"
                }
            ],
            "description": "A lightweight lexical string parser for BBCode styled markup.",
            "homepage": "http://milesj.me/code/php/decoda",
            "keywords": [
                "HOOK",
                "bbcode",
                "decoda",
                "filter",
                "lexer",
                "markup",
                "parser"
            ],
            "time": "2014-09-22 00:20:50"
        },
        {
            "name": "mjohnson/forum",
            "version": "4.1.0",
            "source": {
                "type": "git",
                "url": "https://github.com/milesj/forum.git",
                "reference": "93d289d69281e1432150fa88d34083a565b1fcab"
            },
            "dist": {
                "type": "zip",
                "url": "https://api.github.com/repos/milesj/forum/zipball/93d289d69281e1432150fa88d34083a565b1fcab",
                "reference": "93d289d69281e1432150fa88d34083a565b1fcab",
                "shasum": ""
            },
            "require": {
                "composer/installers": "*",
                "ext-mbstring": "*",
                "mjohnson/admin": "*",
                "mjohnson/decoda": "6.*",
                "mjohnson/utility": "~1.5",
                "php": ">=5.3.0",
                "titon/utility": "*"
            },
            "type": "cakephp-plugin",
            "notification-url": "https://packagist.org/downloads/",
            "license": [
                "MIT"
            ],
            "authors": [
                {
                    "name": "Miles Johnson",
                    "homepage": "http://milesj.me"
                }
            ],
            "description": "A CakePHP forum plugin.",
            "homepage": "http://milesj.me/code/cakephp/forum",
            "keywords": [
                "cakephp",
                "forum",
                "plugin"
            ],
            "abandoned": true,
            "time": "2013-08-15 00:47:40"
        },
        {
            "name": "mjohnson/transit",
            "version": "1.0.5",
            "source": {
                "type": "git",
                "url": "https://github.com/milesj/transit.git",
                "reference": "b1e410455de61583afcd36273bf93516a551b00f"
            },
            "dist": {
                "type": "zip",
                "url": "https://api.github.com/repos/milesj/transit/zipball/b1e410455de61583afcd36273bf93516a551b00f",
                "reference": "b1e410455de61583afcd36273bf93516a551b00f",
                "shasum": ""
            },
            "require": {
                "aws/aws-sdk-php": "2.*",
                "ext-curl": "*",
                "ext-mbstring": "*",
                "php": ">=5.3.3"
            },
            "type": "library",
            "autoload": {
                "psr-0": {
                    "Transit": "src/"
                }
            },
            "notification-url": "https://packagist.org/downloads/",
            "license": [
                "MIT"
            ],
            "authors": [
                {
                    "name": "Miles Johnson",
                    "homepage": "http://milesj.me"
                }
            ],
            "description": "A file uploader, validator, importer and transformer library.",
            "homepage": "http://milesj.me/code/php/transit",
            "keywords": [
                "application",
                "archive",
                "audio",
                "file",
                "glacier",
                "image",
                "importer",
                "s3",
                "text",
                "transformer",
                "transit",
                "transporter",
                "uploader",
                "validator",
                "video"
            ],
            "time": "2013-03-19 18:24:50"
        },
        {
            "name": "mjohnson/type-converter",
            "version": "2.0.0",
            "target-dir": "mjohnson/utility",
            "source": {
                "type": "git",
                "url": "https://github.com/milesj/type-converter.git",
                "reference": "7ea0fc8e590498cd2c838d8288e6452719263291"
            },
            "dist": {
                "type": "zip",
                "url": "https://api.github.com/repos/milesj/type-converter/zipball/7ea0fc8e590498cd2c838d8288e6452719263291",
                "reference": "7ea0fc8e590498cd2c838d8288e6452719263291",
                "shasum": ""
            },
            "require": {
                "php": ">=5.2"
            },
            "type": "library",
            "autoload": {
                "psr-0": {
                    "mjohnson\\utility": ""
                }
            },
            "notification-url": "https://packagist.org/downloads/",
            "license": [
                "MIT"
            ],
            "authors": [
                {
                    "name": "Miles Johnson",
                    "homepage": "http://milesj.me"
                }
            ],
            "description": "Converts one resource to another (XML, JSON, Object, Array, Serialization).",
            "homepage": "http://milesj.me/code/php/type-converter",
            "keywords": [
                "converter",
                "type"
            ],
            "abandoned": true,
            "time": "2012-11-21 04:16:47"
        },
        {
            "name": "mjohnson/uploader",
            "version": "4.0.7",
            "source": {
                "type": "git",
                "url": "https://github.com/milesj/uploader.git",
                "reference": "08a16cf13e581a33046c90c4db13997e3b8842f0"
            },
            "dist": {
                "type": "zip",
                "url": "https://api.github.com/repos/milesj/uploader/zipball/08a16cf13e581a33046c90c4db13997e3b8842f0",
                "reference": "08a16cf13e581a33046c90c4db13997e3b8842f0",
                "shasum": ""
            },
            "require": {
                "composer/installers": "*",
                "ext-curl": "*",
                "ext-mbstring": "*",
                "mjohnson/transit": "1.*",
                "php": ">=5.3.3"
            },
            "type": "cakephp-plugin",
            "notification-url": "https://packagist.org/downloads/",
            "license": [
                "MIT"
            ],
            "authors": [
                {
                    "name": "Miles Johnson",
                    "homepage": "http://milesj.me"
                }
            ],
            "description": "File uploader and validation plugin for CakePHP.",
            "homepage": "http://milesj.me/code/cakephp/uploader",
            "keywords": [
                "attachment",
                "cakephp",
                "file",
                "plugin",
                "uploader",
                "validation"
            ],
            "abandoned": true,
            "time": "2013-03-19 19:18:18"
        },
        {
            "name": "mjohnson/utility",
            "version": "1.7.1",
            "source": {
                "type": "git",
                "url": "https://github.com/milesj/utility.git",
                "reference": "24d3cf427b22827a4b8fbb6e8e7734c262cebce0"
            },
            "dist": {
                "type": "zip",
                "url": "https://api.github.com/repos/milesj/utility/zipball/24d3cf427b22827a4b8fbb6e8e7734c262cebce0",
                "reference": "24d3cf427b22827a4b8fbb6e8e7734c262cebce0",
                "shasum": ""
            },
            "require": {
                "composer/installers": "*",
                "ext-mbstring": "*",
                "mjohnson/type-converter": "*",
                "php": ">=5.3.0"
            },
            "suggest": {
                "mjohnson/decoda": "Enable for BBCode parsing in the DecodaHelper"
            },
            "type": "cakephp-plugin",
            "notification-url": "https://packagist.org/downloads/",
            "license": [
                "MIT"
            ],
            "authors": [
                {
                    "name": "Miles Johnson",
                    "homepage": "http://milesj.me"
                }
            ],
            "description": "A collection of CakePHP utility libraries.",
            "homepage": "http://milesj.me/code/cakephp/utility",
            "keywords": [
                "Behavior",
                "Sitemap",
                "aggregator",
                "ajax-handler",
                "auto-login",
                "bbcode",
                "cache-kill",
                "cacheable",
                "cakephp",
                "component",
                "controller",
                "convertable",
                "datasource",
                "decoda",
                "enumerable",
                "feed",
                "filterable",
                "helper",
                "markup",
                "model",
                "open-graph",
                "plugin",
                "shell",
                "sluggable",
                "spam-blocker",
                "utility",
                "validateable"
            ],
            "abandoned": true,
            "time": "2015-01-18 19:50:56"
        },
        {
            "name": "symfony/event-dispatcher",
            "version": "v2.6.3",
            "target-dir": "Symfony/Component/EventDispatcher",
            "source": {
                "type": "git",
                "url": "https://github.com/symfony/EventDispatcher.git",
                "reference": "40ff70cadea3785d83cac1c8309514b36113064e"
            },
            "dist": {
                "type": "zip",
                "url": "https://api.github.com/repos/symfony/EventDispatcher/zipball/40ff70cadea3785d83cac1c8309514b36113064e",
                "reference": "40ff70cadea3785d83cac1c8309514b36113064e",
                "shasum": ""
            },
            "require": {
                "php": ">=5.3.3"
            },
            "require-dev": {
                "psr/log": "~1.0",
                "symfony/config": "~2.0,>=2.0.5",
                "symfony/dependency-injection": "~2.6",
                "symfony/expression-language": "~2.6",
                "symfony/stopwatch": "~2.3"
            },
            "suggest": {
                "symfony/dependency-injection": "",
                "symfony/http-kernel": ""
            },
            "type": "library",
            "extra": {
                "branch-alias": {
                    "dev-master": "2.6-dev"
                }
            },
            "autoload": {
                "psr-0": {
                    "Symfony\\Component\\EventDispatcher\\": ""
                }
            },
            "notification-url": "https://packagist.org/downloads/",
            "license": [
                "MIT"
            ],
            "authors": [
                {
                    "name": "Symfony Community",
                    "homepage": "http://symfony.com/contributors"
                },
                {
                    "name": "Fabien Potencier",
                    "email": "fabien@symfony.com"
                }
            ],
            "description": "Symfony EventDispatcher Component",
            "homepage": "http://symfony.com",
            "time": "2015-01-05 14:28:40"
        },
        {
            "name": "titon/utility",
            "version": "0.13.4",
            "source": {
                "type": "git",
                "url": "https://github.com/titon/utility.git",
                "reference": "93561fb34277739594341b818a1b089f0c4e0592"
            },
            "dist": {
                "type": "zip",
                "url": "https://api.github.com/repos/titon/utility/zipball/93561fb34277739594341b818a1b089f0c4e0592",
                "reference": "93561fb34277739594341b818a1b089f0c4e0592",
                "shasum": ""
            },
            "require": {
                "ext-mbstring": "*",
                "php": ">=5.3.0"
            },
            "require-dev": {
                "ext-fileinfo": "*",
                "ext-mcrypt": "*",
                "ext-simplexml": "*",
                "titon/test": "dev-master",
                "titon/type": "*"
            },
            "suggest": {
                "ext-fileinfo": "Validate file mime types with the Validate class",
                "ext-mcrypt": "Encrypt and decrypt data with the Crypt class",
                "ext-simplexml": "Convert XML to other file types with the Converter class"
            },
            "type": "library",
            "autoload": {
                "psr-0": {
                    "Titon\\Utility": "src/"
                },
                "files": [
                    "src/bootstrap.php"
                ]
            },
            "notification-url": "https://packagist.org/downloads/",
            "license": [
                "BSD-2"
            ],
            "authors": [
                {
                    "name": "Miles Johnson",
                    "homepage": "http://milesj.me"
                }
            ],
            "description": "The Titon utility package provides convenience classes for basic tasks like validation, formatting, sanitization and more.",
            "homepage": "http://titon.io",
            "keywords": [
                "converter",
                "crypt",
                "format",
                "hash",
                "inflector",
                "number",
                "path",
                "sanitize",
                "string",
                "time",
                "titon",
                "utility",
                "uuid",
                "validate"
            ],
            "time": "2014-05-31 19:00:44"
        }
    ],
    "packages-dev": [],
    "aliases": [],
    "minimum-stability": "stable",
    "stability-flags": [],
    "prefer-stable": false,
    "prefer-lowest": false,
    "platform": [],
    "platform-dev": []
}
